github.com/jason0x43/go-toggl v0.0.0-20240528025633-4e5873a36db2 h1:f4OwJlJCmoSRFBH2WRjKtEsTkHFvwXm+ausc2SUDQVo=
github.com/jason0x43/go-toggl v0.0.0-20240528025633-4e5873a36db2/go.mod h1:f3LrObBTMa7Yh1QzNvHKazJjH3Ys8n95y9bwLoIFy/g=
github.com/joho/godotenv v1.5.1 h1:7eLL/+HRGLY0ldzfGMeQkb7vMd0as4CfYvUVzLqw0N0=
github.com/joho/godotenv v1.5.1/go.mod h1:f4LDr5Voq0i2e/R5DDNOoa2zzDfwtkZa6DnEwAbqwq4=
